
Microsoft Visual Studio Solution File, Format Version 12.00
Project("{FAE04EC0-301F-11D3-BF4B-00C04F79EFBC}") = "FormsApp", "src\FormsApp\FormsApp.csproj", "{00A2F7A3-BEC3-48F4-A91C-5A336C32A5D2}"
EndProject
Project("{2150E333-8FDC-42A3-9474-1A3956D46DE8}") = "src", "src", "{E8067AED-2B6E-4134-AAF8-9101457D709A}"
EndProject
Project("{FAE04EC0-301F-11D3-BF4B-00C04F79EFBC}") = "FormsApp.Domain", "src\FormsApp.Domain\FormsApp.Domain.csproj", "{76F9CFDE-2200-4D3D-BB72-67CBED8F0FD0}"
EndProject
Project("{FAE04EC0-301F-11D3-BF4B-00C04F79EFBC}") = "FormsApp.EntityFrameworkCore", "src\FormsApp.EntityFrameworkCore\FormsApp.EntityFrameworkCore.csproj", "{BCAE85C8-99EE-4CCA-BC90-FF028300476F}"
EndProject
Project("{FAE04EC0-301F-11D3-BF4B-00C04F79EFBC}") = "FormsApp.MongoDB", "src\FormsApp.MongoDB\FormsApp.MongoDB.csproj", "{2FEB996E-80F4-43E3-A9EF-74D9302B9109}"
EndProject
Global
	GlobalSection(SolutionConfigurationPlatforms) = preSolution
		Debug|Any CPU = Debug|Any CPU
		Release|Any CPU = Release|Any CPU
	EndGlobalSection
	GlobalSection(ProjectConfigurationPlatforms) = postSolution
		{00A2F7A3-BEC3-48F4-A91C-5A336C32A5D2}.Debug|Any CPU.ActiveCfg = Debug|Any CPU
		{00A2F7A3-BEC3-48F4-A91C-5A336C32A5D2}.Debug|Any CPU.Build.0 = Debug|Any CPU
		{00A2F7A3-BEC3-48F4-A91C-5A336C32A5D2}.Release|Any CPU.ActiveCfg = Release|Any CPU
		{00A2F7A3-BEC3-48F4-A91C-5A336C32A5D2}.Release|Any CPU.Build.0 = Release|Any CPU
		{76F9CFDE-2200-4D3D-BB72-67CBED8F0FD0}.Debug|Any CPU.ActiveCfg = Debug|Any CPU
		{76F9CFDE-2200-4D3D-BB72-67CBED8F0FD0}.Debug|Any CPU.Build.0 = Debug|Any CPU
		{76F9CFDE-2200-4D3D-BB72-67CBED8F0FD0}.Release|Any CPU.ActiveCfg = Release|Any CPU
		{76F9CFDE-2200-4D3D-BB72-67CBED8F0FD0}.Release|Any CPU.Build.0 = Release|Any CPU
		{BCAE85C8-99EE-4CCA-BC90-FF028300476F}.Debug|Any CPU.ActiveCfg = Debug|Any CPU
		{BCAE85C8-99EE-4CCA-BC90-FF028300476F}.Debug|Any CPU.Build.0 = Debug|Any CPU
		{BCAE85C8-99EE-4CCA-BC90-FF028300476F}.Release|Any CPU.ActiveCfg = Release|Any CPU
		{BCAE85C8-99EE-4CCA-BC90-FF028300476F}.Release|Any CPU.Build.0 = Release|Any CPU
		{2FEB996E-80F4-43E3-A9EF-74D9302B9109}.Debug|Any CPU.ActiveCfg = Debug|Any CPU
		{2FEB996E-80F4-43E3-A9EF-74D9302B9109}.Debug|Any CPU.Build.0 = Debug|Any CPU
		{2FEB996E-80F4-43E3-A9EF-74D9302B9109}.Release|Any CPU.ActiveCfg = Release|Any CPU
		{2FEB996E-80F4-43E3-A9EF-74D9302B9109}.Release|Any CPU.Build.0 = Release|Any CPU
	EndGlobalSection
	GlobalSection(NestedProjects) = preSolution
		{00A2F7A3-BEC3-48F4-A91C-5A336C32A5D2} = {E8067AED-2B6E-4134-AAF8-9101457D709A}
		{76F9CFDE-2200-4D3D-BB72-67CBED8F0FD0} = {E8067AED-2B6E-4134-AAF8-9101457D709A}
		{BCAE85C8-99EE-4CCA-BC90-FF028300476F} = {E8067AED-2B6E-4134-AAF8-9101457D709A}
		{2FEB996E-80F4-43E3-A9EF-74D9302B9109} = {E8067AED-2B6E-4134-AAF8-9101457D709A}
	EndGlobalSection
EndGlobal
