{
  "name": "my-app",
  "version": "1.0.0",
  "lockfileVersion": 1,
  "requires": true,
  "dependencies": {
    "@abp/vue": {
      "version": "4.4.0",
      "resolved": "https://registry.npmjs.org/@abp/vue/-/vue-4.4.0.tgz",
      "integrity": "sha512-sjsgL60vXNRtpo++e1/Vt3TsD6+FYyi1wlpEtf8GdYd4wutjtpxK4d6QoKyVR1Lu+DrUJsEMJ5BJLqXgv0WPkA==",
      "requires": {
        "vue": "~2.6.12"
      }
    },
    "vue": {
      "version": "2.6.14",
      "resolved": "https://registry.npmjs.org/vue/-/vue-2.6.14.tgz",
      "integrity": "sha512-x2284lgYvjOMj3Za7kqzRcUSxBboHqtgRE2zlos1qWaOye5yUmHn42LB1250NJBLRwEcdrB0JRwyPTEPhfQjiQ=="
    }
  }
}
